metadata:
  content_hash:
    linux-64: e90c2ee71ad70fc0a1c8302029533a7d1498f2bffcd0eaa8d2934700e775dc1d
    win-64: e90c2ee71ad70fc0a1c8302029533a7d1498f2bffcd0eaa8d2934700e775dc1d
  channels:
  - url: https://conda.anaconda.org/conda-forge/
    used_env_vars: []
  platforms:
  - linux-64
  - win-64
  sources: []
  time_metadata: null
  git_metadata: null
  inputs_metadata: null
  custom_metadata: null
package:
- platform: linux-64
  name: _libgcc_mutex
  version: '0.1'
  category: main
  manager: conda
  dependencies: []
  url: https://conda.anaconda.org/conda-forge/linux-64/_libgcc_mutex-0.1-conda_forge.tar.bz2
  hash:
    md5: d7c89558ba9fa0495403155b64376d81
    sha256: fe51de6107f9edc7aa4f786a70f4a883943bc9d39b3bb7307c04c41410990726
  build: conda_forge
  arch: x86_64
  subdir: linux-64
  build_number: 0
  license: None
  size: 2562
  timestamp: 1578324546067
- platform: linux-64
  name: _openmp_mutex
  version: '4.5'
  category: main
  manager: conda
  dependencies:
  - _libgcc_mutex 0.1 conda_forge
  - libgomp >=7.5.0
  url: https://conda.anaconda.org/conda-forge/linux-64/_openmp_mutex-4.5-2_gnu.tar.bz2
  hash:
    md5: 73aaf86a425cc6e73fcf236a5a46396d
    sha256: fbe2c5e56a653bebb982eda4876a9178aedfc2b545f25d0ce9c4c0b508253d22
  build: 2_gnu
  arch: x86_64
  subdir: linux-64
  build_number: 16
  constrains:
  - openmp_impl 9999
  license: BSD-3-Clause
  license_family: BSD
  size: 23621
  timestamp: 1650670423406
- platform: linux-64
  name: binutils_impl_linux-64
  version: '2.40'
  category: main
  manager: conda
  dependencies:
  - ld_impl_linux-64 2.40 h41732ed_0
  - sysroot_linux-64
  url: https://conda.anaconda.org/conda-forge/linux-64/binutils_impl_linux-64-2.40-hf600244_0.conda
  hash:
    md5: 33084421a8c0af6aef1b439707f7662a
    sha256: a7e0ea2b71a5b03d82e5a58fb6b612ab1c44d72ce161f9aa441f7ba467cd4c8d
  build: hf600244_0
  arch: x86_64
  subdir: linux-64
  build_number: 0
  license: GPL-3.0-only
  license_family: GPL
  size: 5414922
  timestamp: 1674833958334
- platform: linux-64
  name: gcc_impl_linux-64
  version: 13.2.0
  category: main
  manager: conda
  dependencies:
  - binutils_impl_linux-64 >=2.39
  - libgcc-devel_linux-64 13.2.0 ha9c7c90_2
  - libgcc-ng >=13.2.0
  - libgomp >=13.2.0
  - libsanitizer 13.2.0 h7e041cc_2
  - libstdcxx-ng >=13.2.0
  - sysroot_linux-64
  url: https://conda.anaconda.org/conda-forge/linux-64/gcc_impl_linux-64-13.2.0-h338b0a0_2.conda
  hash:
    md5: b4f2ab4faf22658cca303570fd9a7662
    sha256: 9fa30c6a01f1a8591dc9c6f99b4efc7b6cc8f83bfca931efe3a0699b7ef3518f
  build: h338b0a0_2
  arch: x86_64
  subdir: linux-64
  build_number: 2
  license: GPL-3.0-only WITH GCC-exception-3.1
  license_family: GPL
  size: 52904962
  timestamp: 1695219534603
- platform: linux-64
  name: kernel-headers_linux-64
  version: 2.6.32
  category: main
  manager: conda
  dependencies: []
  url: https://conda.anaconda.org/conda-forge/noarch/kernel-headers_linux-64-2.6.32-he073ed8_16.conda
  hash:
    md5: 7ca122655873935e02c91279c5b03c8c
    sha256: aaa8aa6dc776d734a6702032588ff3c496721da905366d91162e3654c082aef0
  build: he073ed8_16
  arch: x86_64
  subdir: linux-64
  build_number: 16
  constrains:
  - sysroot_linux-64 ==2.12
  license: LGPL-2.0-or-later AND LGPL-2.0-or-later WITH exceptions AND GPL-2.0-or-later AND MPL-2.0
  license_family: GPL
  noarch: generic
  size: 709007
  timestamp: 1689214970644
- platform: linux-64
  name: ld_impl_linux-64
  version: '2.40'
  category: main
  manager: conda
  dependencies: []
  url: https://conda.anaconda.org/conda-forge/linux-64/ld_impl_linux-64-2.40-h41732ed_0.conda
  hash:
    md5: 7aca3059a1729aa76c597603f10b0dd3
    sha256: f6cc89d887555912d6c61b295d398cff9ec982a3417d38025c45d5dd9b9e79cd
  build: h41732ed_0
  arch: x86_64
  subdir: linux-64
  build_number: 0
  constrains:
  - binutils_impl_linux-64 2.40
  license: GPL-3.0-only
  license_family: GPL
  size: 704696
  timestamp: 1674833944779
- platform: linux-64
  name: libgcc-devel_linux-64
  version: 13.2.0
  category: main
  manager: conda
  dependencies: []
  url: https://conda.anaconda.org/conda-forge/linux-64/libgcc-devel_linux-64-13.2.0-ha9c7c90_2.conda
  hash:
    md5: 401c5cf212e568dab47e0677a000d2a7
    sha256: 628a2c0ae7cb16b16218839d636a93b6cd27e6e464f003aa54a86cae06759759
  build: ha9c7c90_2
  arch: x86_64
  subdir: linux-64
  build_number: 2
  license: GPL-3.0-only WITH GCC-exception-3.1
  license_family: GPL
  size: 2428361
  timestamp: 1695219277108
- platform: linux-64
  name: libgcc-ng
  version: 13.2.0
  category: main
  manager: conda
  dependencies:
  - _libgcc_mutex 0.1 conda_forge
  - _openmp_mutex >=4.5
  url: https://conda.anaconda.org/conda-forge/linux-64/libgcc-ng-13.2.0-h807b86a_2.conda
  hash:
    md5: c28003b0be0494f9a7664389146716ff
    sha256: d361d3c87c376642b99c1fc25cddec4b9905d3d9b9203c1c545b8c8c1b04539a
  build: h807b86a_2
  arch: x86_64
  subdir: linux-64
  build_number: 2
  constrains:
  - libgomp 13.2.0 h807b86a_2
  license: GPL-3.0-only WITH GCC-exception-3.1
  license_family: GPL
  size: 771133
  timestamp: 1695219384393
- platform: linux-64
  name: libgomp
  version: 13.2.0
  category: main
  manager: conda
  dependencies:
  - _libgcc_mutex 0.1 conda_forge
  url: https://conda.anaconda.org/conda-forge/linux-64/libgomp-13.2.0-h807b86a_2.conda
  hash:
    md5: e2042154faafe61969556f28bade94b9
    sha256: e1e82348f8296abfe344162b3b5f0ddc2f504759ebeb8b337ba99beaae583b15
  build: h807b86a_2
  arch: x86_64
  subdir: linux-64
  build_number: 2
  license: GPL-3.0-only WITH GCC-exception-3.1
  license_family: GPL
  size: 421133
  timestamp: 1695219303065
- platform: linux-64
  name: libsanitizer
  version: 13.2.0
  category: main
  manager: conda
  dependencies:
  - libgcc-ng >=13.2.0
  url: https://conda.anaconda.org/conda-forge/linux-64/libsanitizer-13.2.0-h7e041cc_2.conda
  hash:
    md5: aa27066e2dcef56db7bc674f2230b6c9
    sha256: f10895acd0791ee20124a540cfbdb1efd050744aa9718f694aec6df798fb57f1
  build: h7e041cc_2
  arch: x86_64
  subdir: linux-64
  build_number: 2
  license: GPL-3.0-only WITH GCC-exception-3.1
  license_family: GPL
  size: 4111354
  timestamp: 1695219428583
- platform: linux-64
  name: libstdcxx-ng
  version: 13.2.0
  category: main
  manager: conda
  dependencies: []
  url: https://conda.anaconda.org/conda-forge/linux-64/libstdcxx-ng-13.2.0-h7e041cc_2.conda
  hash:
    md5: 9172c297304f2a20134fc56c97fbe229
    sha256: ab22ecdc974cdbe148874ea876d9c564294d5eafa760f403ed4fd495307b4243
  build: h7e041cc_2
  arch: x86_64
  subdir: linux-64
  build_number: 2
  license: GPL-3.0-only WITH GCC-exception-3.1
  license_family: GPL
  size: 3842773
  timestamp: 1695219454837
- platform: linux-64
  name: libzlib
  version: 1.2.13
  category: main
  manager: conda
  dependencies:
  - libgcc-ng >=12
  url: https://conda.anaconda.org/conda-forge/linux-64/libzlib-1.2.13-hd590300_5.conda
  hash:
    md5: f36c115f1ee199da648e0597ec2047ad
    sha256: 370c7c5893b737596fd6ca0d9190c9715d89d888b8c88537ae1ef168c25e82e4
  build: hd590300_5
  arch: x86_64
  subdir: linux-64
  build_number: 5
  constrains:
  - zlib 1.2.13 *_5
  license: Zlib
  license_family: Other
  size: 61588
  timestamp: 1686575217516
- platform: linux-64
  name: rust
  version: 1.73.0
  category: main
  manager: conda
  dependencies:
  - gcc_impl_linux-64
  - libgcc-ng >=12
  - libzlib >=1.2.13,<1.3.0a0
  - rust-std-x86_64-unknown-linux-gnu 1.73.0 hc1431ca_2
  url: https://conda.anaconda.org/conda-forge/linux-64/rust-1.73.0-h70c747d_2.conda
  hash:
    md5: f8835700b42e12c4c816b5ecbc448fb6
    sha256: 783d0ceaadc33d843a05c37701766b14c2c1c795cb48deb2a204cc9c84a1edb0
  build: h70c747d_2
  arch: x86_64
  subdir: linux-64
  build_number: 2
  license: MIT
  license_family: MIT
  size: 206898777
  timestamp: 1697550445950
- platform: win-64
  name: rust
  version: 1.73.0
  category: main
  manager: conda
  dependencies:
  - rust-std-x86_64-pc-windows-msvc 1.73.0 h17fc481_2
  url: https://conda.anaconda.org/conda-forge/win-64/rust-1.73.0-hf8d6059_2.conda
  hash:
    md5: c505caa83650b22c2895952121dca677
    sha256: 273ee08ff80b8361d214aa0ad4e82fb039605f85f16deb976abe87a2de3f8eb4
  build: hf8d6059_2
  arch: x86_64
  subdir: win-64
  build_number: 2
  license: MIT
  license_family: MIT
  size: 184611040
  timestamp: 1697553159782
- platform: win-64
  name: rust-std-x86_64-pc-windows-msvc
  version: 1.73.0
  category: main
  manager: conda
  dependencies:
  - __win
  url: https://conda.anaconda.org/conda-forge/noarch/rust-std-x86_64-pc-windows-msvc-1.73.0-h17fc481_2.conda
  hash:
    md5: 74202b98c39349c3f2659c681f002120
    sha256: 1cf9517e7aa364da75d4f53ad0ed4ede6f929935a919a2a793667b83d8edd52e
  build: h17fc481_2
  arch: x86_64
  subdir: win-64
  build_number: 2
  constrains:
  - rust >=1.73.0,<1.73.1.0a0
  license: MIT
  license_family: MIT
  noarch: generic
  size: 25366601
  timestamp: 1697552754897
- platform: linux-64
  name: rust-std-x86_64-unknown-linux-gnu
  version: 1.73.0
  category: main
  manager: conda
  dependencies:
  - __unix
  url: https://conda.anaconda.org/conda-forge/noarch/rust-std-x86_64-unknown-linux-gnu-1.73.0-hc1431ca_2.conda
  hash:
    md5: 3c7425b1e6ec145e5351cf18686730a3
    sha256: 7cba48d9a296a1546c9f383a9b57d7f6134dbe15f8f20d21050fa515c1b31c47
  build: hc1431ca_2
  arch: x86_64
  subdir: linux-64
  build_number: 2
  constrains:
  - rust >=1.73.0,<1.73.1.0a0
  license: MIT
  license_family: MIT
  noarch: generic
  size: 33963902
  timestamp: 1697550289543
- platform: linux-64
  name: sysroot_linux-64
  version: '2.12'
  category: main
  manager: conda
  dependencies:
  - kernel-headers_linux-64 2.6.32 he073ed8_16
  url: https://conda.anaconda.org/conda-forge/noarch/sysroot_linux-64-2.12-he073ed8_16.conda
  hash:
    md5: 071ea8dceff4d30ac511f4a2f8437cd1
    sha256: 4c024b2eee24c6da7d3e08723111ec02665c578844c5b3e9e6b38f89000bec41
  build: he073ed8_16
  arch: x86_64
  subdir: linux-64
  build_number: 16
  license: LGPL-2.0-or-later AND LGPL-2.0-or-later WITH exceptions AND GPL-2.0-or-later AND MPL-2.0
  license_family: GPL
  noarch: generic
  size: 15277813
  timestamp: 1689214980563
version: 1
